<Solution>
    <!--
      docs/plan/03 § Top level. The XML solution format (SDK 9.0.200+, the default in SDK 10).
  
      Verified on SDK 10.0.302: `dotnet sln CyberCloud.slnx list` and `dotnet build CyberCloud.slnx`
      both work, and a `.slnf` filter CAN name a `.slnx` in its "solution.path" — `dotnet sln <f>.slnf
      list` and `dotnet build <f>.slnf` were both exercised against this file with a real project in it.
  
      There are no <Project> entries yet — this repository currently contains build infrastructure
      only. The folders below are the shape the first assemblies drop into. Solution folders mirror
      the repository tree; add a project under the folder that matches its location on disk.
  
      ── Filter membership (docs/plan/03), recorded here because .slnf is strict JSON and rejects
         comments — verified: a `//` comment makes `dotnet sln … list` fail with
         "'/' is invalid after a value" ──
  
        CyberCloud.Core.slnf       src/CyberCloud.Core*, src/CyberCloud.Tenancy*,
                                   src/CyberCloud.Authorization*, src/CyberCloud.Kubernetes*,
                                   src/CyberCloud.Analyzers* (+ their .Tests siblings)
                                   — the fast IDE load. The analyzers are in this filter because
                                   every project in it references them, and an analyzer you cannot
                                   open is an analyzer you edit by guessing.
        CyberCloud.Providers.slnf  src/Providers/** (+ .Contracts/.Application/.Tests/.Conformance)
        CyberCloud.Hosts.slnf      src/Hosts/**
  
      All three filters are currently empty ("projects": []), which loads and builds cleanly. Populate
      each as its projects land — a filter naming a project that is not in this .slnx will not load.
    -->

    <Folder Name="/solution items/">
        <File Path=".editorconfig"/>
        <File Path=".gitignore"/>
        <File Path="Directory.Build.props"/>
        <File Path="Directory.Build.targets"/>
        <File Path="Directory.Packages.props"/>
        <File Path="global.json"/>
        <File Path=".config/dotnet-tools.json"/>
        <!--
          The reviewed list of grain types whose state is durable — docs/plan/05 § Choosing a tier,
          enforced by the Storage tier gate in build/Build.Architecture.cs. Here because a change to
          it is reviewed like a schema migration, and a file nobody can open from the solution is a
          file nobody reviews.
        -->
        <File Path="durable-grains.txt"/>
    </Folder>

    <Folder Name="/build/"/>

    <Folder Name="/src/">
        <!--
          ⚠ CyberCloud.Analyzers is the ONE netstandard2.0 project in the tree (docs/plan/02 § Platform
          baseline's single-TFM rule has this one documented exception — a Roslyn analyzer is loaded by
          the compiler, which may be running on .NET Framework). The five projects it polices reference
          it with OutputItemType="Analyzer", not as an ordinary reference.
        -->
        <Project Path="src/CyberCloud.Analyzers/CyberCloud.Analyzers.csproj"/>
        <Project Path="src/CyberCloud.Analyzers.Tests/CyberCloud.Analyzers.Tests.csproj"/>
        <Project Path="src/CyberCloud.Communication.Contracts/CyberCloud.Communication.Contracts.csproj"/>
        <Project Path="src/CyberCloud.Communication.Contracts.Tests/CyberCloud.Communication.Contracts.Tests.csproj"/>
        <Project Path="src/CyberCloud.Communication/CyberCloud.Communication.csproj"/>
        <Project Path="src/CyberCloud.Communication.Tests/CyberCloud.Communication.Tests.csproj"/>
        <Project Path="src/CyberCloud.Core/CyberCloud.Core.csproj"/>
        <Project Path="src/CyberCloud.Core.Tests/CyberCloud.Core.Tests.csproj"/>
        <Project Path="src/CyberCloud.Core.Contracts/CyberCloud.Core.Contracts.csproj"/>
        <Project Path="src/CyberCloud.Core.Contracts.Tests/CyberCloud.Core.Contracts.Tests.csproj"/>
        <Project Path="src/CyberCloud.ServiceDefaults/CyberCloud.ServiceDefaults.csproj"/>
        <Project Path="src/CyberCloud.ServiceDefaults.Tests/CyberCloud.ServiceDefaults.Tests.csproj"/>
        <Project Path="src/CyberCloud.Tenancy.Contracts/CyberCloud.Tenancy.Contracts.csproj"/>
        <Project Path="src/CyberCloud.Tenancy.Contracts.Tests/CyberCloud.Tenancy.Contracts.Tests.csproj"/>
        <Project Path="src/CyberCloud.Tenancy/CyberCloud.Tenancy.csproj"/>
        <Project Path="src/CyberCloud.Tenancy.Tests/CyberCloud.Tenancy.Tests.csproj"/>
        <Project Path="src/CyberCloud.Authorization.Contracts/CyberCloud.Authorization.Contracts.csproj"/>
        <Project Path="src/CyberCloud.Authorization.Contracts.Tests/CyberCloud.Authorization.Contracts.Tests.csproj"/>
        <Project Path="src/CyberCloud.Authorization/CyberCloud.Authorization.csproj"/>
        <Project Path="src/CyberCloud.Authorization.Tests/CyberCloud.Authorization.Tests.csproj"/>
        <Project Path="src/CyberCloud.Kubernetes.Contracts/CyberCloud.Kubernetes.Contracts.csproj"/>
        <Project Path="src/CyberCloud.Kubernetes.Contracts.Tests/CyberCloud.Kubernetes.Contracts.Tests.csproj"/>
        <Project Path="src/CyberCloud.Kubernetes/CyberCloud.Kubernetes.csproj"/>
        <Project Path="src/CyberCloud.Kubernetes.Tests/CyberCloud.Kubernetes.Tests.csproj"/>
        <Project Path="src/CyberCloud.Metering.Contracts/CyberCloud.Metering.Contracts.csproj"/>
        <Project Path="src/CyberCloud.Metering.Contracts.Tests/CyberCloud.Metering.Contracts.Tests.csproj"/>
        <Project Path="src/CyberCloud.Metering/CyberCloud.Metering.csproj"/>
        <Project Path="src/CyberCloud.Metering.Tests/CyberCloud.Metering.Tests.csproj"/>
        <Project Path="src/CyberCloud.ResourceManager.Contracts/CyberCloud.ResourceManager.Contracts.csproj"/>
        <Project Path="src/CyberCloud.ResourceManager.Contracts.Tests/CyberCloud.ResourceManager.Contracts.Tests.csproj"/>
        <Project Path="src/CyberCloud.ResourceManager/CyberCloud.ResourceManager.csproj"/>
        <Project Path="src/CyberCloud.ResourceManager.Tests/CyberCloud.ResourceManager.Tests.csproj"/>
        <!--
          ADR-012's generation step. An Exe, run by `./build.sh Generate` and by the Generated
          surfaces gate — never deployed. See its .csproj for why it is a separate process from the
          Nuke build rather than code inside it.
        -->
        <Project Path="src/CyberCloud.ResourceManager.Generator/CyberCloud.ResourceManager.Generator.csproj"/>
        <!--
          ⚠ The generator's suite drives Program.Main IN-PROCESS. docs/plan/23 § Test layers puts the
          ≥ 70 % coverage floor on every shipping project, and dotnet-coverage instruments the test
          host only — a generator started as a child process is one the instrumenter never sees, so a
          suite that exercised every line of it would still report 0 %. That is why the generator has
          an InternalsVisibleTo and an `internal` Main.
        -->
        <Project Path="src/CyberCloud.ResourceManager.Generator.Tests/CyberCloud.ResourceManager.Generator.Tests.csproj"/>

        <!-- docs/plan/11. The hosts live under /src/Hosts/ — cookies there, bearer at the gateway. -->
        <Project Path="src/CyberCloud.Identity.Contracts/CyberCloud.Identity.Contracts.csproj"/>
        <Project Path="src/CyberCloud.Identity.Contracts.Tests/CyberCloud.Identity.Contracts.Tests.csproj"/>
        <Project Path="src/CyberCloud.Identity/CyberCloud.Identity.csproj"/>
        <Project Path="src/CyberCloud.Identity.Tests/CyberCloud.Identity.Tests.csproj"/>
        <!--
          The hand-written half of the .NET SDK — docs/plan/21 § Generation. ⚠ It is the ONE project
          under src/ with IsPackable=true: docs/plan/03 § Top level keeps `cli/` out of src/ "because
          it ships separately" and places the SDK nowhere at all, which is a gap in that document
          rather than a decision. It is here because it is .NET library code the generator writes
          into, and because Build.Publish's NuGet step wants one project rather than a fourth
          top-level tree.

          ⚠ Nothing named Azure.* is in its graph — docs/plan/21 § The .NET SDK, DECIDED 2026-08-11.
          Its only package is Polly, which was already in the register for the fabric.
        -->
        <Project Path="src/CyberCloud.Sdk/CyberCloud.Sdk.csproj"/>
        <Project Path="src/CyberCloud.Sdk.Tests/CyberCloud.Sdk.Tests.csproj"/>
    </Folder>
    <!--
      docs/plan/03 § Providers — the five projects every provider has. CyberCloud.Sample is the first
      and, per docs/plan/24 § Phase 1's exit criterion 1 and docs/plan/25 § R1, is deliberately
      trivial: it exists to measure the platform, not to be a feature.

      ⚠ Its arrival makes two assembly-graph rules real. Rule 2 ("no Providers.* assembly references
      another Providers.* assembly") and rule 4 ("nothing references a *.Application assembly except
      its own host") had zero candidates and passed vacuously; this folder is the first candidate
      either has ever had.
    -->
    <Folder Name="/src/Providers/">
        <Project Path="src/Providers/CyberCloud.Providers.Sample/CyberCloud.Providers.Sample.Contracts/CyberCloud.Providers.Sample.Contracts.csproj"/>
        <Project Path="src/Providers/CyberCloud.Providers.Sample/CyberCloud.Providers.Sample/CyberCloud.Providers.Sample.csproj"/>
        <Project Path="src/Providers/CyberCloud.Providers.Sample/CyberCloud.Providers.Sample.Application/CyberCloud.Providers.Sample.Application.csproj"/>
        <!--
          ⚠ A sixth project in a folder docs/plan/03 § Providers describes with five, and it is a
          suite rather than a provider part. Rule 4 ("nothing references a *.Application assembly
          except its own host") is not violated by it and does not need an exemption: rule 4 runs over
          Build.Architecture.cs § ShippingAssemblies, which is every project where SuiteOwning is
          null, and a *.Tests project is claimed by the per-PR suite.
        -->
        <Project Path="src/Providers/CyberCloud.Providers.Sample/CyberCloud.Providers.Sample.Application.Tests/CyberCloud.Providers.Sample.Application.Tests.csproj"/>
        <Project Path="src/Providers/CyberCloud.Providers.Sample/CyberCloud.Providers.Sample.Tests/CyberCloud.Providers.Sample.Tests.csproj"/>
        <Project Path="src/Providers/CyberCloud.Providers.Sample/CyberCloud.Providers.Sample.Conformance/CyberCloud.Providers.Sample.Conformance.csproj"/>
    </Folder>
    <Folder Name="/src/Hosts/">
        <Project Path="src/Hosts/CyberCloud.Gateway.Host/CyberCloud.Gateway.Host.csproj"/>
        <Project Path="src/Hosts/CyberCloud.Gateway.Host.Tests/CyberCloud.Gateway.Host.Tests.csproj"/>
        <Project Path="src/Hosts/CyberCloud.Silo.Host/CyberCloud.Silo.Host.csproj"/>
        <Project Path="src/Hosts/CyberCloud.AppHost/CyberCloud.AppHost.csproj"/>
        <Project Path="src/Hosts/CyberCloud.AppHost.Tests/CyberCloud.AppHost.Tests.csproj"/>
        <Project Path="src/Hosts/CyberCloud.Identity.Host/CyberCloud.Identity.Host.csproj"/>
        <Project Path="src/Hosts/CyberCloud.Identity.Host.Tests/CyberCloud.Identity.Host.Tests.csproj"/>
    </Folder>
    <Folder Name="/cli/"/>

    <!--
      docs/plan/03 § test/ — the cross-cutting suites. Two of the five exist.

      ⚠ CyberCloud.Conformance is a test project AND a library other test projects reference — that is
      docs/plan/03's own description of it, "parameterised, referenced by providers". Both roles are
      live: it runs the suite against its own reference provider, and
      CyberCloud.Providers.Sample.Conformance references it to run the same suite against a real one.
    -->
    <Folder Name="/test/">
        <Project Path="test/CyberCloud.Conformance/CyberCloud.Conformance.csproj"/>
        <Project Path="test/CyberCloud.Isolation/CyberCloud.Isolation.csproj"/>
    </Folder>
</Solution>
